
Microsoft Visual Studio Solution File, Format Version 12.00
# Visual Studio Version 17
VisualStudioVersion = 17.4.33103.184
MinimumVisualStudioVersion = 10.0.40219.1
Project("{FAE04EC0-301F-11D3-BF4B-00C04F79EFBC}") = "k20", "k20.csproj", "{3BEF52FD-2048-4A20-825C-40883D7E282B}"
EndProject
Global
	GlobalSection(SolutionConfigurationPlatforms) = preSolution
		Debug|Any CPU = Debug|Any CPU
		Release|Any CPU = Release|Any CPU
	EndGlobalSection
	GlobalSection(ProjectConfigurationPlatforms) = postSolution
		{3BEF52FD-2048-4A20-825C-40883D7E282B}.Debug|Any CPU.ActiveCfg = Debug|Any CPU
		{3BEF52FD-2048-4A20-825C-40883D7E282B}.Debug|Any CPU.Build.0 = Debug|Any CPU
		{3BEF52FD-2048-4A20-825C-40883D7E282B}.Release|Any CPU.ActiveCfg = Release|Any CPU
		{3BEF52FD-2048-4A20-825C-40883D7E282B}.Release|Any CPU.Build.0 = Release|Any CPU
	EndGlobalSection
	GlobalSection(SolutionProperties) = preSolution
		HideSolutionNode = FALSE
	EndGlobalSection
	GlobalSection(ExtensibilityGlobals) = postSolution
		SolutionGuid = {919D7E31-2C1A-4B1F-8B72-A62E5EC96287}
	EndGlobalSection
EndGlobal
